// !$*UTF8*$!
{
	archiveVersion = 1;
	classes = {
	};
	objectVersion = 56;
	objects = {

/* Begin PBXBuildFile section */
		B001 /* AnesPayTrackerApp.swift in Sources */ = {isa = PBXBuildFile; fileRef = A001 /* AnesPayTrackerApp.swift */; };
		B002 /* ContentView.swift in Sources */ = {isa = PBXBuildFile; fileRef = A002 /* ContentView.swift */; };
		B003 /* Theme.swift in Sources */ = {isa = PBXBuildFile; fileRef = A003 /* Theme.swift */; };
		B004 /* Models.swift in Sources */ = {isa = PBXBuildFile; fileRef = A004 /* Models.swift */; };
		B005 /* StreakEngine.swift in Sources */ = {isa = PBXBuildFile; fileRef = A005 /* StreakEngine.swift */; };
		B006 /* CalendarSync.swift in Sources */ = {isa = PBXBuildFile; fileRef = A006 /* CalendarSync.swift */; };
		B007 /* SeedData.swift in Sources */ = {isa = PBXBuildFile; fileRef = A007 /* SeedData.swift */; };
		B008 /* EmployerSetupWizard.swift in Sources */ = {isa = PBXBuildFile; fileRef = A008 /* EmployerSetupWizard.swift */; };
		B009 /* AddShiftView.swift in Sources */ = {isa = PBXBuildFile; fileRef = A009 /* AddShiftView.swift */; };
		B010 /* CalendarView.swift in Sources */ = {isa = PBXBuildFile; fileRef = A010 /* CalendarView.swift */; };
		B011 /* ShiftDetailView.swift in Sources */ = {isa = PBXBuildFile; fileRef = A011 /* ShiftDetailView.swift */; };
		B012 /* PayPeriodView.swift in Sources */ = {isa = PBXBuildFile; fileRef = A012 /* PayPeriodView.swift */; };
		B013 /* StreakStatusView.swift in Sources */ = {isa = PBXBuildFile; fileRef = A013 /* StreakStatusView.swift */; };
		B014 /* ReportView.swift in Sources */ = {isa = PBXBuildFile; fileRef = A014 /* ReportView.swift */; };
		B015 /* PDFReportGenerator.swift in Sources */ = {isa = PBXBuildFile; fileRef = A015 /* PDFReportGenerator.swift */; };
		B016 /* SettingsView.swift in Sources */ = {isa = PBXBuildFile; fileRef = A016 /* SettingsView.swift */; };
		B017 /* CurrencyField.swift in Sources */ = {isa = PBXBuildFile; fileRef = A017 /* CurrencyField.swift */; };
		B018 /* Assets.xcassets in Resources */ = {isa = PBXBuildFile; fileRef = A018 /* Assets.xcassets */; };
/* End PBXBuildFile section */

/* Begin PBXFileReference section */
		A001 /* AnesPayTrackerApp.swift */ = {isa = PBXFileReference; lastKnownFileType = sourcecode.swift; path = AnesPayTrackerApp.swift; sourceTree = "<group>"; };
		A002 /* ContentView.swift */ = {isa = PBXFileReference; lastKnownFileType = sourcecode.swift; path = ContentView.swift; sourceTree = "<group>"; };
		A003 /* Theme.swift */ = {isa = PBXFileReference; lastKnownFileType = sourcecode.swift; path = Theme.swift; sourceTree = "<group>"; };
		A004 /* Models.swift */ = {isa = PBXFileReference; lastKnownFileType = sourcecode.swift; path = Models.swift; sourceTree = "<group>"; };
		A005 /* StreakEngine.swift */ = {isa = PBXFileReference; lastKnownFileType = sourcecode.swift; path = StreakEngine.swift; sourceTree = "<group>"; };
		A006 /* CalendarSync.swift */ = {isa = PBXFileReference; lastKnownFileType = sourcecode.swift; path = CalendarSync.swift; sourceTree = "<group>"; };
		A007 /* SeedData.swift */ = {isa = PBXFileReference; lastKnownFileType = sourcecode.swift; path = SeedData.swift; sourceTree = "<group>"; };
		A008 /* EmployerSetupWizard.swift */ = {isa = PBXFileReference; lastKnownFileType = sourcecode.swift; path = EmployerSetupWizard.swift; sourceTree = "<group>"; };
		A009 /* AddShiftView.swift */ = {isa = PBXFileReference; lastKnownFileType = sourcecode.swift; path = AddShiftView.swift; sourceTree = "<group>"; };
		A010 /* CalendarView.swift */ = {isa = PBXFileReference; lastKnownFileType = sourcecode.swift; path = CalendarView.swift; sourceTree = "<group>"; };
		A011 /* ShiftDetailView.swift */ = {isa = PBXFileReference; lastKnownFileType = sourcecode.swift; path = ShiftDetailView.swift; sourceTree = "<group>"; };
		A012 /* PayPeriodView.swift */ = {isa = PBXFileReference; lastKnownFileType = sourcecode.swift; path = PayPeriodView.swift; sourceTree = "<group>"; };
		A013 /* StreakStatusView.swift */ = {isa = PBXFileReference; lastKnownFileType = sourcecode.swift; path = StreakStatusView.swift; sourceTree = "<group>"; };
		A014 /* ReportView.swift */ = {isa = PBXFileReference; lastKnownFileType = sourcecode.swift; path = ReportView.swift; sourceTree = "<group>"; };
		A015 /* PDFReportGenerator.swift */ = {isa = PBXFileReference; lastKnownFileType = sourcecode.swift; path = PDFReportGenerator.swift; sourceTree = "<group>"; };
		A016 /* SettingsView.swift */ = {isa = PBXFileReference; lastKnownFileType = sourcecode.swift; path = SettingsView.swift; sourceTree = "<group>"; };
		A017 /* CurrencyField.swift */ = {isa = PBXFileReference; lastKnownFileType = sourcecode.swift; path = CurrencyField.swift; sourceTree = "<group>"; };
		A018 /* Assets.xcassets */ = {isa = PBXFileReference; lastKnownFileType = folder.assetcatalog; path = Assets.xcassets; sourceTree = "<group>"; };
		PROD1 /* AnesPayTracker.app */ = {isa = PBXFileReference; explicitFileType = wrapper.application; includeInIndex = 0; path = AnesPayTracker.app; sourceTree = BUILT_PRODUCTS_DIR; };
/* End PBXFileReference section */

/* Begin PBXFrameworksBuildPhase section */
		FW01 = {
			isa = PBXFrameworksBuildPhase;
			buildActionMask = 2147483647;
			files = (
			);
			runOnlyForDeploymentPostprocessing = 0;
		};
/* End PBXFrameworksBuildPhase section */

/* Begin PBXGroup section */
		ROOT = {
			isa = PBXGroup;
			children = (
				APPGRP /* AnesPayTracker */,
				PRODGRP /* Products */,
			);
			sourceTree = "<group>";
		};
		PRODGRP /* Products */ = {
			isa = PBXGroup;
			children = (
				PROD1 /* AnesPayTracker.app */,
			);
			name = Products;
			sourceTree = "<group>";
		};
		APPGRP /* AnesPayTracker */ = {
			isa = PBXGroup;
			children = (
				APPFILES /* App */,
				MODELGRP /* Model */,
				ENGINEGRP /* Engine */,
				VIEWSGRP /* Views */,
				A018 /* Assets.xcassets */,
			);
			path = AnesPayTracker;
			sourceTree = "<group>";
		};
		APPFILES /* App */ = {
			isa = PBXGroup;
			children = (
				A001 /* AnesPayTrackerApp.swift */,
				A002 /* ContentView.swift */,
				A003 /* Theme.swift */,
			);
			name = App;
			sourceTree = "<group>";
		};
		MODELGRP /* Model */ = {
			isa = PBXGroup;
			children = (
				A004 /* Models.swift */,
			);
			name = Model;
			sourceTree = "<group>";
		};
		ENGINEGRP /* Engine */ = {
			isa = PBXGroup;
			children = (
				A005 /* StreakEngine.swift */,
				A006 /* CalendarSync.swift */,
				A007 /* SeedData.swift */,
			);
			name = Engine;
			sourceTree = "<group>";
		};
		VIEWSGRP /* Views */ = {
			isa = PBXGroup;
			children = (
				SETUPGRP /* Setup */,
				ENTRYGRP /* Entry */,
				REVIEWGRP /* Review */,
				REPORTGRP /* Report */,
				SETTINGSGRP /* Settings */,
				COMPONENTSGRP /* Components */,
			);
			name = Views;
			sourceTree = "<group>";
		};
		SETUPGRP /* Setup */ = {
			isa = PBXGroup;
			children = (
				A008 /* EmployerSetupWizard.swift */,
			);
			name = Setup;
			sourceTree = "<group>";
		};
		ENTRYGRP /* Entry */ = {
			isa = PBXGroup;
			children = (
				A009 /* AddShiftView.swift */,
			);
			name = Entry;
			sourceTree = "<group>";
		};
		REVIEWGRP /* Review */ = {
			isa = PBXGroup;
			children = (
				A010 /* CalendarView.swift */,
				A011 /* ShiftDetailView.swift */,
				A012 /* PayPeriodView.swift */,
				A013 /* StreakStatusView.swift */,
			);
			name = Review;
			sourceTree = "<group>";
		};
		REPORTGRP /* Report */ = {
			isa = PBXGroup;
			children = (
				A014 /* ReportView.swift */,
				A015 /* PDFReportGenerator.swift */,
			);
			name = Report;
			sourceTree = "<group>";
		};
		SETTINGSGRP /* Settings */ = {
			isa = PBXGroup;
			children = (
				A016 /* SettingsView.swift */,
			);
			name = Settings;
			sourceTree = "<group>";
		};
		COMPONENTSGRP /* Components */ = {
			isa = PBXGroup;
			children = (
				A017 /* CurrencyField.swift */,
			);
			name = Components;
			sourceTree = "<group>";
		};
/* End PBXGroup section */

/* Begin PBXNativeTarget section */
		TARGET1 /* AnesPayTracker */ = {
			isa = PBXNativeTarget;
			buildConfigurationList = BLDCFGLIST;
			buildPhases = (
				SRC01 /* Sources */,
				FW01 /* Frameworks */,
				RES01 /* Resources */,
			);
			buildRules = (
			);
			dependencies = (
			);
			name = AnesPayTracker;
			productName = AnesPayTracker;
			productReference = PROD1 /* AnesPayTracker.app */;
			productType = "com.apple.product-type.application";
		};
/* End PBXNativeTarget section */

/* Begin PBXProject section */
		PROJECT /* Project object */ = {
			isa = PBXProject;
			attributes = {
				BuildIndependentTargetsInParallel = 1;
				LastSwiftUpdateCheck = 1500;
				LastUpgradeCheck = 1500;
				TargetAttributes = {
					TARGET1 = {
						CreatedOnToolsVersion = 15.0;
					};
				};
			};
			buildConfigurationList = PROJBLDCFG;
			compatibilityVersion = "Xcode 14.0";
			developmentRegion = en;
			hasScannedForEncodings = 0;
			knownRegions = (
				en,
				Base,
			);
			mainGroup = ROOT;
			productRefGroup = PRODGRP /* Products */;
			projectDirPath = "";
			projectRoot = "";
			targets = (
				TARGET1 /* AnesPayTracker */,
			);
		};
/* End PBXProject section */

/* Begin PBXResourcesBuildPhase section */
		RES01 /* Resources */ = {
			isa = PBXResourcesBuildPhase;
			buildActionMask = 2147483647;
			files = (
				B018 /* Assets.xcassets in Resources */,
			);
			runOnlyForDeploymentPostprocessing = 0;
		};
/* End PBXResourcesBuildPhase section */

/* Begin PBXSourcesBuildPhase section */
		SRC01 /* Sources */ = {
			isa = PBXSourcesBuildPhase;
			buildActionMask = 2147483647;
			files = (
				B001 /* AnesPayTrackerApp.swift in Sources */,
				B002 /* ContentView.swift in Sources */,
				B003 /* Theme.swift in Sources */,
				B004 /* Models.swift in Sources */,
				B005 /* StreakEngine.swift in Sources */,
				B006 /* CalendarSync.swift in Sources */,
				B007 /* SeedData.swift in Sources */,
				B008 /* EmployerSetupWizard.swift in Sources */,
				B009 /* AddShiftView.swift in Sources */,
				B010 /* CalendarView.swift in Sources */,
				B011 /* ShiftDetailView.swift in Sources */,
				B012 /* PayPeriodView.swift in Sources */,
				B013 /* StreakStatusView.swift in Sources */,
				B014 /* ReportView.swift in Sources */,
				B015 /* PDFReportGenerator.swift in Sources */,
				B016 /* SettingsView.swift in Sources */,
				B017 /* CurrencyField.swift in Sources */,
			);
			runOnlyForDeploymentPostprocessing = 0;
		};
/* End PBXSourcesBuildPhase section */

/* Begin XCBuildConfiguration section */
		CFG_DEBUG /* Debug */ = {
			isa = XCBuildConfiguration;
			buildSettings = {
				ALWAYS_SEARCH_USER_PATHS = NO;
				ASSETCATALOG_COMPILER_APPICON_NAME = AppIcon;
				ASSETCATALOG_COMPILER_GLOBAL_ACCENT_COLOR_NAME = AccentColor;
				CLANG_ANALYZER_NONNULL = YES;
				CLANG_ANALYZER_NUMBER_OBJECT_CONVERSION = YES_AGGRESSIVE;
				CLANG_CXX_LANGUAGE_STANDARD = "gnu++20";
				CLANG_ENABLE_MODULES = YES;
				CLANG_ENABLE_OBJC_ARC = YES;
				CLANG_ENABLE_OBJC_WEAK = YES;
				CLANG_WARN_BLOCK_CAPTURE_AUTORELEASING = YES;
				CLANG_WARN_BOOL_CONVERSION = YES;
				CLANG_WARN_COMMA = YES;
				CLANG_WARN_CONSTANT_CONVERSION = YES;
				CLANG_WARN_DEPRECATED_OBJC_IMPLEMENTATIONS = YES;
				CLANG_WARN_DIRECT_OBJC_ISA_USAGE = YES_ERROR;
				CLANG_WARN_DOCUMENTATION_COMMENTS = YES;
				CLANG_WARN_EMPTY_BODY = YES;
				CLANG_WARN_ENUM_CONVERSION = YES;
				CLANG_WARN_INFINITE_RECURSION = YES;
				CLANG_WARN_INT_CONVERSION = YES;
				CLANG_WARN_NON_LITERAL_NULL_CONVERSION = YES;
				CLANG_WARN_OBJC_IMPLICIT_RETAIN_CYCLES = YES;
				CLANG_WARN_OBJC_LITERAL_CONVERSION = YES;
				CLANG_WARN_OBJC_ROOT_CLASS = YES_ERROR;
				CLANG_WARN_QUOTED_INCLUDE_IN_FRAMEWORK_HEADER = YES;
				CLANG_WARN_RANGE_LOOP_ANALYSIS = YES;
				CLANG_WARN_STRICT_PROTOTYPES = YES;
				CLANG_WARN_SUSPICIOUS_MOVE = YES;
				CLANG_WARN_UNGUARDED_AVAILABILITY = YES_AGGRESSIVE;
				CLANG_WARN_UNREACHABLE_CODE = YES;
				CLANG_WARN__DUPLICATE_METHOD_EXCEPTION = YES;
				COPY_PHASE_STRIP = NO;
				DEBUG_INFORMATION_FORMAT = dwarf;
				ENABLE_STRICT_OBJC_MSGSEND = YES;
				ENABLE_TESTABILITY = YES;
				GCC_C_LANGUAGE_STANDARD = gnu17;
				GCC_DYNAMIC_NO_PIC = NO;
				GCC_NO_COMMON_BLOCKS = YES;
				GCC_OPTIMIZATION_LEVEL = 0;
				GCC_PREPROCESSOR_DEFINITIONS = (
					"DEBUG=1",
					"$(inherited)",
				);
				GCC_WARN_64_TO_32_BIT_CONVERSION = YES;
				GCC_WARN_ABOUT_RETURN_TYPE = YES_ERROR;
				GCC_WARN_UNDECLARED_SELECTOR = YES;
				GCC_WARN_UNINITIALIZED_AUTOS = YES_AGGRESSIVE;
				GCC_WARN_UNUSED_FUNCTION = YES;
				GCC_WARN_UNUSED_VARIABLE = YES;
				IPHONEOS_DEPLOYMENT_TARGET = 17.0;
				MTL_ENABLE_DEBUG_INFO = INCLUDE_SOURCE;
				MTL_FAST_MATH = YES;
				ONLY_ACTIVE_ARCH = YES;
				SDKROOT = iphoneos;
				SWIFT_ACTIVE_COMPILATION_CONDITIONS = "DEBUG $(inherited)";
				SWIFT_OPTIMIZATION_LEVEL = "-Onone";
			};
			name = Debug;
		};
		CFG_RELEASE /* Release */ = {
			isa = XCBuildConfiguration;
			buildSettings = {
				ALWAYS_SEARCH_USER_PATHS = NO;
				ASSETCATALOG_COMPILER_APPICON_NAME = AppIcon;
				ASSETCATALOG_COMPILER_GLOBAL_ACCENT_COLOR_NAME = AccentColor;
				CLANG_ANALYZER_NONNULL = YES;
				CLANG_ANALYZER_NUMBER_OBJECT_CONVERSION = YES_AGGRESSIVE;
				CLANG_CXX_LANGUAGE_STANDARD = "gnu++20";
				CLANG_ENABLE_MODULES = YES;
				CLANG_ENABLE_OBJC_ARC = YES;
				CLANG_ENABLE_OBJC_WEAK = YES;
				CLANG_WARN_BLOCK_CAPTURE_AUTORELEASING = YES;
				CLANG_WARN_BOOL_CONVERSION = YES;
				CLANG_WARN_COMMA = YES;
				CLANG_WARN_CONSTANT_CONVERSION = YES;
				CLANG_WARN_DEPRECATED_OBJC_IMPLEMENTATIONS = YES;
				CLANG_WARN_DIRECT_OBJC_ISA_USAGE = YES_ERROR;
				CLANG_WARN_DOCUMENTATION_COMMENTS = YES;
				CLANG_WARN_EMPTY_BODY = YES;
				CLANG_WARN_ENUM_CONVERSION = YES;
				CLANG_WARN_INFINITE_RECURSION = YES;
				CLANG_WARN_INT_CONVERSION = YES;
				CLANG_WARN_NON_LITERAL_NULL_CONVERSION = YES;
				CLANG_WARN_OBJC_IMPLICIT_RETAIN_CYCLES = YES;
				CLANG_WARN_OBJC_LITERAL_CONVERSION = YES;
				CLANG_WARN_OBJC_ROOT_CLASS = YES_ERROR;
				CLANG_WARN_QUOTED_INCLUDE_IN_FRAMEWORK_HEADER = YES;
				CLANG_WARN_RANGE_LOOP_ANALYSIS = YES;
				CLANG_WARN_STRICT_PROTOTYPES = YES;
				CLANG_WARN_SUSPICIOUS_MOVE = YES;
				CLANG_WARN_UNGUARDED_AVAILABILITY = YES_AGGRESSIVE;
				CLANG_WARN_UNREACHABLE_CODE = YES;
				CLANG_WARN__DUPLICATE_METHOD_EXCEPTION = YES;
				COPY_PHASE_STRIP = NO;
				DEBUG_INFORMATION_FORMAT = "dwarf-with-dsym";
				ENABLE_NS_ASSERTIONS = NO;
				ENABLE_STRICT_OBJC_MSGSEND = YES;
				GCC_C_LANGUAGE_STANDARD = gnu17;
				GCC_NO_COMMON_BLOCKS = YES;
				GCC_WARN_64_TO_32_BIT_CONVERSION = YES;
				GCC_WARN_ABOUT_RETURN_TYPE = YES_ERROR;
				GCC_WARN_UNDECLARED_SELECTOR = YES;
				GCC_WARN_UNINITIALIZED_AUTOS = YES_AGGRESSIVE;
				GCC_WARN_UNUSED_FUNCTION = YES;
				GCC_WARN_UNUSED_VARIABLE = YES;
				IPHONEOS_DEPLOYMENT_TARGET = 17.0;
				MTL_FAST_MATH = YES;
				SDKROOT = iphoneos;
				SWIFT_COMPILATION_MODE = wholemodule;
				SWIFT_OPTIMIZATION_LEVEL = "-O";
				VALIDATE_PRODUCT = YES;
			};
			name = Release;
		};
		TGTCFG_DEBUG /* Debug */ = {
			isa = XCBuildConfiguration;
			buildSettings = {
				BUNDLE_LOADER = "$(TEST_HOST)";
				CODE_SIGN_STYLE = Automatic;
				CURRENT_PROJECT_VERSION = 1;
				GENERATE_INFOPLIST_FILE = YES;
				INFOPLIST_KEY_NSCalendarsFullAccessUsageDescription = "AnesPay can add your work shifts to your calendar.";
				INFOPLIST_KEY_NSCalendarsWriteOnlyAccessUsageDescription = "AnesPay can add your work shifts to your calendar.";
				INFOPLIST_KEY_UIApplicationSupportsIndirectInputEvents = YES;
				INFOPLIST_KEY_UILaunchScreen_Generation = YES;
				INFOPLIST_KEY_UISupportedInterfaceOrientations_iPad = "UIInterfaceOrientationPortrait UIInterfaceOrientationPortraitUpsideDown UIInterfaceOrientationLandscapeLeft UIInterfaceOrientationLandscapeRight";
				INFOPLIST_KEY_UISupportedInterfaceOrientations_iPhone = "UIInterfaceOrientationPortrait UIInterfaceOrientationLandscapeLeft UIInterfaceOrientationLandscapeRight";
				MARKETING_VERSION = 1.0;
				PRODUCT_BUNDLE_IDENTIFIER = com.anespay.tracker;
				PRODUCT_NAME = "$(TARGET_NAME)";
				SWIFT_EMIT_LOC_STRINGS = YES;
				SWIFT_VERSION = 5.0;
				TARGETED_DEVICE_FAMILY = "1,2";
			};
			name = Debug;
		};
		TGTCFG_RELEASE /* Release */ = {
			isa = XCBuildConfiguration;
			buildSettings = {
				BUNDLE_LOADER = "$(TEST_HOST)";
				CODE_SIGN_STYLE = Automatic;
				CURRENT_PROJECT_VERSION = 1;
				GENERATE_INFOPLIST_FILE = YES;
				INFOPLIST_KEY_NSCalendarsFullAccessUsageDescription = "AnesPay can add your work shifts to your calendar.";
				INFOPLIST_KEY_NSCalendarsWriteOnlyAccessUsageDescription = "AnesPay can add your work shifts to your calendar.";
				INFOPLIST_KEY_UIApplicationSupportsIndirectInputEvents = YES;
				INFOPLIST_KEY_UILaunchScreen_Generation = YES;
				INFOPLIST_KEY_UISupportedInterfaceOrientations_iPad = "UIInterfaceOrientationPortrait UIInterfaceOrientationPortraitUpsideDown UIInterfaceOrientationLandscapeLeft UIInterfaceOrientationLandscapeRight";
				INFOPLIST_KEY_UISupportedInterfaceOrientations_iPhone = "UIInterfaceOrientationPortrait UIInterfaceOrientationLandscapeLeft UIInterfaceOrientationLandscapeRight";
				MARKETING_VERSION = 1.0;
				PRODUCT_BUNDLE_IDENTIFIER = com.anespay.tracker;
				PRODUCT_NAME = "$(TARGET_NAME)";
				SWIFT_EMIT_LOC_STRINGS = YES;
				SWIFT_VERSION = 5.0;
				TARGETED_DEVICE_FAMILY = "1,2";
			};
			name = Release;
		};
/* End XCBuildConfiguration section */

/* Begin XCConfigurationList section */
		PROJBLDCFG /* Build configuration list for PBXProject "AnesPayTracker" */ = {
			isa = XCConfigurationList;
			buildConfigurations = (
				CFG_DEBUG /* Debug */,
				CFG_RELEASE /* Release */,
			);
			defaultConfigurationIsVisible = 0;
			defaultConfigurationName = Release;
		};
		BLDCFGLIST /* Build configuration list for PBXNativeTarget "AnesPayTracker" */ = {
			isa = XCConfigurationList;
			buildConfigurations = (
				TGTCFG_DEBUG /* Debug */,
				TGTCFG_RELEASE /* Release */,
			);
			defaultConfigurationIsVisible = 0;
			defaultConfigurationName = Release;
		};
/* End XCConfigurationList section */

	};
	rootObject = PROJECT /* Project object */;
}
